schema_version = '1'

[files]
[files.'.dcignore']
last_sync_time = '2026-06-29T21:53:50Z'
source_hash = ''
dest_hash = 'sha256:2d8125de7249675a89e108954977730cd5c7a2f52cf44f7afc861168300b44d1'

[files.'.editorconfig']
last_sync_time = '2026-07-01T17:34:13Z'
source_hash = ''
dest_hash = 'sha256:4692820af7ab1fadca4a2ea0229d949de1ff140a1e395e18fabb1b035d49a5da'

[files.'.git-blame-ignore-revs']
last_sync_time = '2026-06-29T21:53:50Z'
source_hash = ''
dest_hash = 'sha256:3bec63195a5ab3ff6069b0b8f34fd3570238693d1f9f433f10fb87d7ce8d503d'

[files.'.gitattributes']
last_sync_time = '2026-06-29T21:53:50Z'
source_hash = ''
dest_hash = 'sha256:88bc7cdd653f141ad69074980ea2aab33409c2139a2f14de16fd6bc6e54c3817'

[files.'.github/CODEOWNERS']
last_sync_time = '2026-06-29T21:53:50Z'
source_hash = ''
dest_hash = 'sha256:0370fa79804d2f4734c02214b9929a035d8682cede2631beab242512df95bc7c'

[files.'.github/ISSUE_TEMPLATE/']
last_sync_time = '2026-06-29T21:53:50Z'
source_hash = ''
dest_hash = 'dir:initialized'

[files.'.github/dco.yml']
last_sync_time = '2026-06-29T21:53:50Z'
source_hash = ''
dest_hash = 'sha256:7dd87ff71dc8fb0b8e4687260c3be516c01945b385d52bc80886480d511b6d13'

[files.'.github/dependabot.yml']
last_sync_time = '2026-06-29T21:53:50Z'
source_hash = ''
dest_hash = 'sha256:8270a3751b6da3c012a2e10dba6c28bd03b49042c459729fc66bda15b4126994'

[files.'.github/workflows/dependabot-auto-merge.yml']
last_sync_time = '2026-07-01T17:18:28Z'
source_hash = ''
dest_hash = 'sha256:03154863783dd94419b1eec592dc272255f7c4471188d77fe566c07af59aa7e4'

[files.'.github/workflows/generate.yml']
last_sync_time = '2026-07-01T17:41:09Z'
source_hash = ''
dest_hash = 'sha256:6322e1d0ca4f05ddb50a574077570b586ed5d9effdb09d6061b7042141d36c4a'

[files.'.github/workflows/update-on-push.yml']
last_sync_time = '2026-07-01T19:16:54Z'
source_hash = ''
dest_hash = 'sha256:24826e1566fda4c96c687958329ccd428d487d442020bd47b73e42c8f227b059'

[files.'.github/zizmor.yml']
last_sync_time = '2026-07-01T19:16:54Z'
source_hash = ''
dest_hash = 'sha256:d18075679be812adf274e9c9b1b11bca667aae81d079462dbdc6019204c82d7c'

[files.'.gommit.toml']
last_sync_time = '2026-07-01T19:16:54Z'
source_hash = ''
dest_hash = 'sha256:8b99cde1f1b1b81c0e067c5d6953dd5c7e850e7978c6a3fcfc3af62574c5463e'

[files.'.kiro/steering/markdown-style.md']
last_sync_time = '2026-06-29T21:53:50Z'
source_hash = ''
dest_hash = 'sha256:2237fefd77ead167299dba77b9867210ac6a99807e850102bb8e62b4a5f372cc'

[files.'.kiro/steering/python-code-conventions.md']
last_sync_time = '2026-06-29T21:53:48Z'
source_hash = ''
dest_hash = 'sha256:7ac52005ff98698eedb4f14b3370039dbc51e0822282ea14c1a51867983c928f'

[files.'.kirograph/']
last_sync_time = '2026-06-29T21:53:50Z'
source_hash = ''
dest_hash = 'dir:initialized'

[files.'.kirograph/.gitignore']
last_sync_time = '2026-06-29T21:53:50Z'
source_hash = ''
dest_hash = 'sha256:7ac823d020226850ad79201f67c54ece6a513573c46aca2ae3b3fb3c2cafb363'

[files.'.rumdl.toml']
last_sync_time = '2026-07-01T19:16:54Z'
source_hash = ''
dest_hash = 'sha256:7029313132bb91a5d59e29524fe18c3c97fb5ce46a4427792e5d395177ac270a'

[files.'.shellcheckrc']
last_sync_time = '2026-06-29T21:53:50Z'
source_hash = ''
dest_hash = 'sha256:64f0be43f9a3a049d5e56951767113f21900269f1f4ac33a63f9d19111142352'

[files.'.shuck.toml']
last_sync_time = '2026-07-01T19:16:54Z'
source_hash = ''
dest_hash = 'sha256:835ba2f43b09defb26cc31b569e87f54810411993084051fc524a7a367534e53'

[files.'.taplo.toml']
last_sync_time = '2026-07-01T19:16:54Z'
source_hash = ''
dest_hash = 'sha256:4dddd90976ca596b7c5cb8a24020d0fbcd0608340670f72ecb314e1ff06c516d'

[files.'.trivyignore']
last_sync_time = '2026-06-29T21:53:50Z'
source_hash = ''
dest_hash = 'sha256:918c071d276f59e46cc0d08544c3dc43f12426c192456d8bdf0ec4213629f446'

[files.'.vscode/README.md']
last_sync_time = '2026-06-29T21:53:50Z'
source_hash = ''
dest_hash = 'sha256:d622d7189f6a48cbdb4e298ac0ac23e2801639d40c91d4b06eec4923b6ad11dc'

[files.'.vscode/extensions-python.toml']
last_sync_time = '2026-06-29T21:53:48Z'
source_hash = ''
dest_hash = 'sha256:fc1a765c96c53b949d5ecd5892627b4da902a23575aadcd3f848006f57482d30'

[files.'.vscode/extensions-standard.toml']
last_sync_time = '2026-06-29T21:53:50Z'
source_hash = ''
dest_hash = 'sha256:6e4c2353bb760714100dd5332ac877612930d23fca2b0fc71715aa7933bb7fb7'

[files.'.vscode/extensions.sh']
last_sync_time = '2026-06-29T21:53:50Z'
source_hash = ''
dest_hash = 'sha256:d525ead29cc7ddab318b5376924a61171fa7da3cdfa7d69203dacbf297eb2976'

[files.'.vscode/settings-llm.toml']
last_sync_time = '2026-07-01T19:16:54Z'
source_hash = ''
dest_hash = 'sha256:af4ef8d2044c5e04a1d9a24cf1f8a926f31d7c07424f26fb6fe6426db8fcc3b1'

[files.'.vscode/settings-python.toml']
last_sync_time = '2026-07-01T19:16:54Z'
source_hash = ''
dest_hash = 'sha256:369aeb4d1b9783a8d556d15e9345c9a112afede570041e9c3007a7cef6305799'

[files.'.vscode/settings-ros.toml']
last_sync_time = '2026-06-29T21:53:50Z'
source_hash = ''
dest_hash = 'sha256:4390e4b17740e84c594b9ca41ec20d4319cfed464612e5ebfbe7e1a2b9bdea60'

[files.'.vscode/settings-standard.toml']
last_sync_time = '2026-07-01T19:16:54Z'
source_hash = ''
dest_hash = 'sha256:331047e03c74dfc148af1da81578497e786e763d75eb76f693e04a7e608ce57e'

[files.'.vscode/settings.sh']
last_sync_time = '2026-06-29T21:53:50Z'
source_hash = ''
dest_hash = 'sha256:40f8b9893bfc72b3efff1f2fe0c30f99387d6d7c39adfe0c581c419b95efa425'

[files.'.yamlfmt.yml']
last_sync_time = '2026-06-29T21:53:50Z'
source_hash = ''
dest_hash = 'sha256:434452299789365a52a38b5778dbe6a74a3e5df25e2af741160de3017c5be39c'

[files.Makefile]
last_sync_time = '2026-06-29T21:53:50Z'
source_hash = ''
dest_hash = 'sha256:682525d5f96c552b6ad00496bae95e238d4f9fb0331b6f38868322def11db6b9'

[files.'Taskfile.dist.yml']
last_sync_time = '2026-07-01T19:16:54Z'
source_hash = ''
dest_hash = 'sha256:3dd392562b342e7c0f4a28f6d45f0619ec0d24629757edd5d3736eb0f12eb3e0'

[files.'cliff.toml']
last_sync_time = '2026-07-01T19:16:54Z'
source_hash = ''
dest_hash = 'sha256:85d6c4a0e9e7a26bc29ba36e8595a2b2075c94546b91ba251cc6f5857b22cdc4'

[files.'ecrc.toml']
last_sync_time = '2026-07-01T19:16:54Z'
source_hash = ''
dest_hash = 'sha256:cf06adad0c456debaab3e46f638392c14c85d62a2243c5d33eb9c6962fe18557'

[files.'hk.pkl']
last_sync_time = '2026-07-01T19:16:54Z'
source_hash = ''
dest_hash = 'sha256:8e857c92af3a40e58c8ad35dd6167523802dfbb727ebb5420c185a06d6343365'

[files.'lychee.toml']
last_sync_time = '2026-07-01T19:16:54Z'
source_hash = ''
dest_hash = 'sha256:0a1b492b56aa72e99c8e3c285b617d824a76391e7558f929c62d8bc61dcc1d6b'

[files.'osv-scanner.toml']
last_sync_time = '2026-06-29T21:53:50Z'
source_hash = ''
dest_hash = 'sha256:6dde1b2be039f8f81a099414f8e03802d5c55713cabac8bddba091892a9afd46'

[files.'ruff.toml']
last_sync_time = '2026-07-01T19:16:54Z'
source_hash = ''
dest_hash = 'sha256:e43d395d5def947e2bf6ccd8cfb80977cccad92753612dcadf4f3dfcaec1d157'

[files.'scripts/generate-contributors.sh']
last_sync_time = '2026-07-01T19:16:54Z'
source_hash = ''
dest_hash = 'sha256:592727f74c07f3d3929c8d6e1c9768d461901b88642a6f53c21f9c72f4e1c8ee'

[files.'tools/Brewfile.standard']
last_sync_time = '2026-06-29T21:53:50Z'
source_hash = ''
dest_hash = 'sha256:c7d6f1b1413e479177bf7688d27ebc519eb1017b1ae4f1a4465eccb28ca1f57a'

[files.'tools/Taskfile.admin.yml']
last_sync_time = '2026-06-29T21:53:50Z'
source_hash = ''
dest_hash = 'sha256:a051208ee7a4fb678bd6087bb457a6db2c032dded0d42dcc5711d5958c14fe42'

[files.'tools/Taskfile.gitconfig.yml']
last_sync_time = '2026-06-29T21:53:50Z'
source_hash = ''
dest_hash = 'sha256:9cec8f98d69082fe0ee64561040aac7d45fc2ddd9c9a32935d4f230cd0770bb5'

[files.'tools/Taskfile.internal.yml']
last_sync_time = '2026-06-29T21:53:50Z'
source_hash = ''
dest_hash = 'sha256:0fbf414702b857f426fe58c243ef4ebbfc3756f8f9b2b7b2c463ccfb16cf54f5'

[files.'tools/Taskfile.python.yml']
last_sync_time = '2026-06-29T21:53:48Z'
source_hash = ''
dest_hash = 'sha256:f3dea2a5420be57aac220e6ca972dc6156af2443e392af1a6d3a7d2078601ca6'

[files.'tools/ogvs.config.yaml']
last_sync_time = '2026-07-01T17:18:28Z'
source_hash = ''
dest_hash = 'sha256:9d73bf69dc01d7ab0b571a4caf3ac1cc092fd053440855f3d322a2fbf05f8c0c'

[files.'trivy-license.yaml']
last_sync_time = '2026-07-01T17:18:28Z'
source_hash = ''
dest_hash = 'sha256:474ffe4049c40354708e12c51d87ef3b1692de5aa26351c9fd9956a431b7390e'

[files.'trivy-vuln.yaml']
last_sync_time = '2026-06-29T21:53:50Z'
source_hash = ''
dest_hash = 'sha256:5a4cf755416da735cf71fba08e55953dcf178beae08a7153fd029b8eeb8b5f72'
